{
  "version": "v1",
  "packages": {
    "ft-confirmation-dialog": {
      "signature": "9ccdaa49a0e3ce7d5e933490bb795bf4",
      "file": true
    },
    "ft-document-grid": {
      "signature": "6f6427fdc76d1fee4ccef6623b6ce4d3",
      "file": true
    },
    "ft-document-list": {
      "signature": "7df2f8e15dbed9e3bd09995aef249b90",
      "file": true
    },
    "ft-labeled-icon-button": {
      "signature": "40102ff35b04fbf34029982d02053327",
      "file": true
    },
    "ft-document-grid-item": {
      "signature": "50349acc0c5aa5446dbd977b8e6734d4",
      "file": true
    },
    "ft-document-list-item": {
      "signature": "8bf1c527ee8f47557123ff4d802ffc97",
      "file": true
    }
  }
}